// !$*UTF8*$!
{
	archiveVersion = 1;
	classes = {
	};
	objectVersion = 46;
	objects = {

/* Begin PBXBuildFile section */
		4F7E7E0F1D48791A000B59E4 /* FAMFullscreenTransition.swift in Sources */ = {isa = PBXBuildFile; fileRef = 4F7E7E0E1D48791A000B59E4 /* FAMFullscreenTransition.swift */; };
		4F7E7E111D48B0C4000B59E4 /* UIImageExtension.swift in Sources */ = {isa = PBXBuildFile; fileRef = 4F7E7E101D48B0C4000B59E4 /* UIImageExtension.swift */; };
		4F96A45C1D47412200E99EC5 /* AppDelegate.swift in Sources */ = {isa = PBXBuildFile; fileRef = 4F96A45B1D47412200E99EC5 /* AppDelegate.swift */; };
		4F96A45E1D47412200E99EC5 /* ViewController.swift in Sources */ = {isa = PBXBuildFile; fileRef = 4F96A45D1D47412200E99EC5 /* ViewController.swift */; };
		4F96A4611D47412200E99EC5 /* Main.storyboard in Resources */ = {isa = PBXBuildFile; fileRef = 4F96A45F1D47412200E99EC5 /* Main.storyboard */; };
		4F96A4631D47412200E99EC5 /* Assets.xcassets in Resources */ = {isa = PBXBuildFile; fileRef = 4F96A4621D47412200E99EC5 /* Assets.xcassets */; };
		4F96A4661D47412200E99EC5 /* LaunchScreen.storyboard in Resources */ = {isa = PBXBuildFile; fileRef = 4F96A4641D47412200E99EC5 /* LaunchScreen.storyboard */; };
		4F96A4711D47412300E99EC5 /* FAMFullscreenViewControllerTests.swift in Sources */ = {isa = PBXBuildFile; fileRef = 4F96A4701D47412300E99EC5 /* FAMFullscreenViewControllerTests.swift */; };
		4F96A47C1D47412300E99EC5 /* FAMFullscreenViewControllerUITests.swift in Sources */ = {isa = PBXBuildFile; fileRef = 4F96A47B1D47412300E99EC5 /* FAMFullscreenViewControllerUITests.swift */; };
		4F96A48B1D47415D00E99EC5 /* FAMFullscreenViewController.swift in Sources */ = {isa = PBXBuildFile; fileRef = 4F96A48A1D47415D00E99EC5 /* FAMFullscreenViewController.swift */; };
		4F96A48D1D47430900E99EC5 /* FAMFullscreenCell.swift in Sources */ = {isa = PBXBuildFile; fileRef = 4F96A48C1D47430900E99EC5 /* FAMFullscreenCell.swift */; };
		4F96A4931D476D7300E99EC5 /* FAMFullscreenContentViewController.swift in Sources */ = {isa = PBXBuildFile; fileRef = 4F96A4921D476D7300E99EC5 /* FAMFullscreenContentViewController.swift */; };
/* End PBXBuildFile section */

/* Begin PBXContainerItemProxy section */
		4F96A46D1D47412300E99EC5 /* PBXContainerItemProxy */ = {
			isa = PBXContainerItemProxy;
			containerPortal = 4F96A4501D47412200E99EC5 /* Project object */;
			proxyType = 1;
			remoteGlobalIDString = 4F96A4571D47412200E99EC5;
			remoteInfo = FAMFullscreenViewController;
		};
		4F96A4781D47412300E99EC5 /* PBXContainerItemProxy */ = {
			isa = PBXContainerItemProxy;
			containerPortal = 4F96A4501D47412200E99EC5 /* Project object */;
			proxyType = 1;
			remoteGlobalIDString = 4F96A4571D47412200E99EC5;
			remoteInfo = FAMFullscreenViewController;
		};
/* End PBXContainerItemProxy section */

/* Begin PBXFileReference section */
		4F7E7E0E1D48791A000B59E4 /* FAMFullscreenTransition.swift */ = {isa = PBXFileReference; fileEncoding = 4; lastKnownFileType = sourcecode.swift; path = FAMFullscreenTransition.swift; sourceTree = "<group>"; };
		4F7E7E101D48B0C4000B59E4 /* UIImageExtension.swift */ = {isa = PBXFileReference; fileEncoding = 4; lastKnownFileType = sourcecode.swift; path = UIImageExtension.swift; sourceTree = "<group>"; };
		4F96A4581D47412200E99EC5 /* FAMFullscreenViewController.app */ = {isa = PBXFileReference; explicitFileType = wrapper.application; includeInIndex = 0; path = FAMFullscreenViewController.app; sourceTree = BUILT_PRODUCTS_DIR; };
		4F96A45B1D47412200E99EC5 /* AppDelegate.swift */ = {isa = PBXFileReference; lastKnownFileType = sourcecode.swift; path = AppDelegate.swift; sourceTree = "<group>"; };
		4F96A45D1D47412200E99EC5 /* ViewController.swift */ = {isa = PBXFileReference; lastKnownFileType = sourcecode.swift; path = ViewController.swift; sourceTree = "<group>"; };
		4F96A4601D47412200E99EC5 /* Base */ = {isa = PBXFileReference; lastKnownFileType = file.storyboard; name = Base; path = Base.lproj/Main.storyboard; sourceTree = "<group>"; };
		4F96A4621D47412200E99EC5 /* Assets.xcassets */ = {isa = PBXFileReference; lastKnownFileType = folder.assetcatalog; path = Assets.xcassets; sourceTree = "<group>"; };
		4F96A4651D47412200E99EC5 /* Base */ = {isa = PBXFileReference; lastKnownFileType = file.storyboard; name = Base; path = Base.lproj/LaunchScreen.storyboard; sourceTree = "<group>"; };
		4F96A4671D47412200E99EC5 /* Info.plist */ = {isa = PBXFileReference; lastKnownFileType = text.plist.xml; path = Info.plist; sourceTree = "<group>"; };
		4F96A46C1D47412300E99EC5 /* FAMFullscreenViewControllerTests.xctest */ = {isa = PBXFileReference; explicitFileType = wrapper.cfbundle; includeInIndex = 0; path = FAMFullscreenViewControllerTests.xctest; sourceTree = BUILT_PRODUCTS_DIR; };
		4F96A4701D47412300E99EC5 /* FAMFullscreenViewControllerTests.swift */ = {isa = PBXFileReference; lastKnownFileType = sourcecode.swift; path = FAMFullscreenViewControllerTests.swift; sourceTree = "<group>"; };
		4F96A4721D47412300E99EC5 /* Info.plist */ = {isa = PBXFileReference; lastKnownFileType = text.plist.xml; path = Info.plist; sourceTree = "<group>"; };
		4F96A4771D47412300E99EC5 /* FAMFullscreenViewControllerUITests.xctest */ = {isa = PBXFileReference; explicitFileType = wrapper.cfbundle; includeInIndex = 0; path = FAMFullscreenViewControllerUITests.xctest; sourceTree = BUILT_PRODUCTS_DIR; };
		4F96A47B1D47412300E99EC5 /* FAMFullscreenViewControllerUITests.swift */ = {isa = PBXFileReference; lastKnownFileType = sourcecode.swift; path = FAMFullscreenViewControllerUITests.swift; sourceTree = "<group>"; };
		4F96A47D1D47412300E99EC5 /* Info.plist */ = {isa = PBXFileReference; lastKnownFileType = text.plist.xml; path = Info.plist; sourceTree = "<group>"; };
		4F96A48A1D47415D00E99EC5 /* FAMFullscreenViewController.swift */ = {isa = PBXFileReference; fileEncoding = 4; lastKnownFileType = sourcecode.swift; path = FAMFullscreenViewController.swift; sourceTree = "<group>"; };
		4F96A48C1D47430900E99EC5 /* FAMFullscreenCell.swift */ = {isa = PBXFileReference; fileEncoding = 4; lastKnownFileType = sourcecode.swift; path = FAMFullscreenCell.swift; sourceTree = "<group>"; };
		4F96A4921D476D7300E99EC5 /* FAMFullscreenContentViewController.swift */ = {isa = PBXFileReference; fileEncoding = 4; lastKnownFileType = sourcecode.swift; path = FAMFullscreenContentViewController.swift; sourceTree = "<group>"; };
/* End PBXFileReference section */

/* Begin PBXFrameworksBuildPhase section */
		4F96A4551D47412200E99EC5 /* Frameworks */ = {
			isa = PBXFrameworksBuildPhase;
			buildActionMask = 2147483647;
			files = (
			);
			runOnlyForDeploymentPostprocessing = 0;
		};
		4F96A4691D47412300E99EC5 /* Frameworks */ = {
			isa = PBXFrameworksBuildPhase;
			buildActionMask = 2147483647;
			files = (
			);
			runOnlyForDeploymentPostprocessing = 0;
		};
		4F96A4741D47412300E99EC5 /* Frameworks */ = {
			isa = PBXFrameworksBuildPhase;
			buildActionMask = 2147483647;
			files = (
			);
			runOnlyForDeploymentPostprocessing = 0;
		};
/* End PBXFrameworksBuildPhase section */

/* Begin PBXGroup section */
		4F96A44F1D47412200E99EC5 = {
			isa = PBXGroup;
			children = (
				4F96A4891D47412E00E99EC5 /* Sources */,
				4F96A45A1D47412200E99EC5 /* FAMFullscreenViewController */,
				4F96A46F1D47412300E99EC5 /* FAMFullscreenViewControllerTests */,
				4F96A47A1D47412300E99EC5 /* FAMFullscreenViewControllerUITests */,
				4F96A4591D47412200E99EC5 /* Products */,
			);
			sourceTree = "<group>";
		};
		4F96A4591D47412200E99EC5 /* Products */ = {
			isa = PBXGroup;
			children = (
				4F96A4581D47412200E99EC5 /* FAMFullscreenViewController.app */,
				4F96A46C1D47412300E99EC5 /* FAMFullscreenViewControllerTests.xctest */,
				4F96A4771D47412300E99EC5 /* FAMFullscreenViewControllerUITests.xctest */,
			);
			name = Products;
			sourceTree = "<group>";
		};
		4F96A45A1D47412200E99EC5 /* FAMFullscreenViewController */ = {
			isa = PBXGroup;
			children = (
				4F96A45B1D47412200E99EC5 /* AppDelegate.swift */,
				4F96A45D1D47412200E99EC5 /* ViewController.swift */,
				4F96A45F1D47412200E99EC5 /* Main.storyboard */,
				4F96A4621D47412200E99EC5 /* Assets.xcassets */,
				4F96A4641D47412200E99EC5 /* LaunchScreen.storyboard */,
				4F96A4671D47412200E99EC5 /* Info.plist */,
			);
			path = FAMFullscreenViewController;
			sourceTree = "<group>";
		};
		4F96A46F1D47412300E99EC5 /* FAMFullscreenViewControllerTests */ = {
			isa = PBXGroup;
			children = (
				4F96A4701D47412300E99EC5 /* FAMFullscreenViewControllerTests.swift */,
				4F96A4721D47412300E99EC5 /* Info.plist */,
			);
			path = FAMFullscreenViewControllerTests;
			sourceTree = "<group>";
		};
		4F96A47A1D47412300E99EC5 /* FAMFullscreenViewControllerUITests */ = {
			isa = PBXGroup;
			children = (
				4F96A47B1D47412300E99EC5 /* FAMFullscreenViewControllerUITests.swift */,
				4F96A47D1D47412300E99EC5 /* Info.plist */,
			);
			path = FAMFullscreenViewControllerUITests;
			sourceTree = "<group>";
		};
		4F96A4891D47412E00E99EC5 /* Sources */ = {
			isa = PBXGroup;
			children = (
				4F96A48A1D47415D00E99EC5 /* FAMFullscreenViewController.swift */,
				4F7E7E0E1D48791A000B59E4 /* FAMFullscreenTransition.swift */,
				4F96A48C1D47430900E99EC5 /* FAMFullscreenCell.swift */,
				4F96A4921D476D7300E99EC5 /* FAMFullscreenContentViewController.swift */,
				4F7E7E101D48B0C4000B59E4 /* UIImageExtension.swift */,
			);
			path = Sources;
			sourceTree = "<group>";
		};
/* End PBXGroup section */

/* Begin PBXNativeTarget section */
		4F96A4571D47412200E99EC5 /* FAMFullscreenViewController */ = {
			isa = PBXNativeTarget;
			buildConfigurationList = 4F96A4801D47412300E99EC5 /* Build configuration list for PBXNativeTarget "FAMFullscreenViewController" */;
			buildPhases = (
				4F96A4541D47412200E99EC5 /* Sources */,
				4F96A4551D47412200E99EC5 /* Frameworks */,
				4F96A4561D47412200E99EC5 /* Resources */,
			);
			buildRules = (
			);
			dependencies = (
			);
			name = FAMFullscreenViewController;
			productName = FAMFullscreenViewController;
			productReference = 4F96A4581D47412200E99EC5 /* FAMFullscreenViewController.app */;
			productType = "com.apple.product-type.application";
		};
		4F96A46B1D47412300E99EC5 /* FAMFullscreenViewControllerTests */ = {
			isa = PBXNativeTarget;
			buildConfigurationList = 4F96A4831D47412300E99EC5 /* Build configuration list for PBXNativeTarget "FAMFullscreenViewControllerTests" */;
			buildPhases = (
				4F96A4681D47412300E99EC5 /* Sources */,
				4F96A4691D47412300E99EC5 /* Frameworks */,
				4F96A46A1D47412300E99EC5 /* Resources */,
			);
			buildRules = (
			);
			dependencies = (
				4F96A46E1D47412300E99EC5 /* PBXTargetDependency */,
			);
			name = FAMFullscreenViewControllerTests;
			productName = FAMFullscreenViewControllerTests;
			productReference = 4F96A46C1D47412300E99EC5 /* FAMFullscreenViewControllerTests.xctest */;
			productType = "com.apple.product-type.bundle.unit-test";
		};
		4F96A4761D47412300E99EC5 /* FAMFullscreenViewControllerUITests */ = {
			isa = PBXNativeTarget;
			buildConfigurationList = 4F96A4861D47412300E99EC5 /* Build configuration list for PBXNativeTarget "FAMFullscreenViewControllerUITests" */;
			buildPhases = (
				4F96A4731D47412300E99EC5 /* Sources */,
				4F96A4741D47412300E99EC5 /* Frameworks */,
				4F96A4751D47412300E99EC5 /* Resources */,
			);
			buildRules = (
			);
			dependencies = (
				4F96A4791D47412300E99EC5 /* PBXTargetDependency */,
			);
			name = FAMFullscreenViewControllerUITests;
			productName = FAMFullscreenViewControllerUITests;
			productReference = 4F96A4771D47412300E99EC5 /* FAMFullscreenViewControllerUITests.xctest */;
			productType = "com.apple.product-type.bundle.ui-testing";
		};
/* End PBXNativeTarget section */

/* Begin PBXProject section */
		4F96A4501D47412200E99EC5 /* Project object */ = {
			isa = PBXProject;
			attributes = {
				LastSwiftUpdateCheck = 0730;
				LastUpgradeCheck = 0730;
				ORGANIZATIONNAME = TimersInc;
				TargetAttributes = {
					4F96A4571D47412200E99EC5 = {
						CreatedOnToolsVersion = 7.3.1;
					};
					4F96A46B1D47412300E99EC5 = {
						CreatedOnToolsVersion = 7.3.1;
						TestTargetID = 4F96A4571D47412200E99EC5;
					};
					4F96A4761D47412300E99EC5 = {
						CreatedOnToolsVersion = 7.3.1;
						TestTargetID = 4F96A4571D47412200E99EC5;
					};
				};
			};
			buildConfigurationList = 4F96A4531D47412200E99EC5 /* Build configuration list for PBXProject "FAMFullscreenViewController" */;
			compatibilityVersion = "Xcode 3.2";
			developmentRegion = English;
			hasScannedForEncodings = 0;
			knownRegions = (
				en,
				Base,
			);
			mainGroup = 4F96A44F1D47412200E99EC5;
			productRefGroup = 4F96A4591D47412200E99EC5 /* Products */;
			projectDirPath = "";
			projectRoot = "";
			targets = (
				4F96A4571D47412200E99EC5 /* FAMFullscreenViewController */,
				4F96A46B1D47412300E99EC5 /* FAMFullscreenViewControllerTests */,
				4F96A4761D47412300E99EC5 /* FAMFullscreenViewControllerUITests */,
			);
		};
/* End PBXProject section */

/* Begin PBXResourcesBuildPhase section */
		4F96A4561D47412200E99EC5 /* Resources */ = {
			isa = PBXResourcesBuildPhase;
			buildActionMask = 2147483647;
			files = (
				4F96A4661D47412200E99EC5 /* LaunchScreen.storyboard in Resources */,
				4F96A4631D47412200E99EC5 /* Assets.xcassets in Resources */,
				4F96A4611D47412200E99EC5 /* Main.storyboard in Resources */,
			);
			runOnlyForDeploymentPostprocessing = 0;
		};
		4F96A46A1D47412300E99EC5 /* Resources */ = {
			isa = PBXResourcesBuildPhase;
			buildActionMask = 2147483647;
			files = (
			);
			runOnlyForDeploymentPostprocessing = 0;
		};
		4F96A4751D47412300E99EC5 /* Resources */ = {
			isa = PBXResourcesBuildPhase;
			buildActionMask = 2147483647;
			files = (
			);
			runOnlyForDeploymentPostprocessing = 0;
		};
/* End PBXResourcesBuildPhase section */

/* Begin PBXSourcesBuildPhase section */
		4F96A4541D47412200E99EC5 /* Sources */ = {
			isa = PBXSourcesBuildPhase;
			buildActionMask = 2147483647;
			files = (
				4F96A45E1D47412200E99EC5 /* ViewController.swift in Sources */,
				4F96A48D1D47430900E99EC5 /* FAMFullscreenCell.swift in Sources */,
				4F7E7E111D48B0C4000B59E4 /* UIImageExtension.swift in Sources */,
				4F96A45C1D47412200E99EC5 /* AppDelegate.swift in Sources */,
				4F96A48B1D47415D00E99EC5 /* FAMFullscreenViewController.swift in Sources */,
				4F7E7E0F1D48791A000B59E4 /* FAMFullscreenTransition.swift in Sources */,
				4F96A4931D476D7300E99EC5 /* FAMFullscreenContentViewController.swift in Sources */,
			);
			runOnlyForDeploymentPostprocessing = 0;
		};
		4F96A4681D47412300E99EC5 /* Sources */ = {
			isa = PBXSourcesBuildPhase;
			buildActionMask = 2147483647;
			files = (
				4F96A4711D47412300E99EC5 /* FAMFullscreenViewControllerTests.swift in Sources */,
			);
			runOnlyForDeploymentPostprocessing = 0;
		};
		4F96A4731D47412300E99EC5 /* Sources */ = {
			isa = PBXSourcesBuildPhase;
			buildActionMask = 2147483647;
			files = (
				4F96A47C1D47412300E99EC5 /* FAMFullscreenViewControllerUITests.swift in Sources */,
			);
			runOnlyForDeploymentPostprocessing = 0;
		};
/* End PBXSourcesBuildPhase section */

/* Begin PBXTargetDependency section */
		4F96A46E1D47412300E99EC5 /* PBXTargetDependency */ = {
			isa = PBXTargetDependency;
			target = 4F96A4571D47412200E99EC5 /* FAMFullscreenViewController */;
			targetProxy = 4F96A46D1D47412300E99EC5 /* PBXContainerItemProxy */;
		};
		4F96A4791D47412300E99EC5 /* PBXTargetDependency */ = {
			isa = PBXTargetDependency;
			target = 4F96A4571D47412200E99EC5 /* FAMFullscreenViewController */;
			targetProxy = 4F96A4781D47412300E99EC5 /* PBXContainerItemProxy */;
		};
/* End PBXTargetDependency section */

/* Begin PBXVariantGroup section */
		4F96A45F1D47412200E99EC5 /* Main.storyboard */ = {
			isa = PBXVariantGroup;
			children = (
				4F96A4601D47412200E99EC5 /* Base */,
			);
			name = Main.storyboard;
			sourceTree = "<group>";
		};
		4F96A4641D47412200E99EC5 /* LaunchScreen.storyboard */ = {
			isa = PBXVariantGroup;
			children = (
				4F96A4651D47412200E99EC5 /* Base */,
			);
			name = LaunchScreen.storyboard;
			sourceTree = "<group>";
		};
/* End PBXVariantGroup section */

/* Begin XCBuildConfiguration section */
		4F96A47E1D47412300E99EC5 /* Debug */ = {
			isa = XCBuildConfiguration;
			buildSettings = {
				ALWAYS_SEARCH_USER_PATHS = NO;
				CLANG_ANALYZER_NONNULL = YES;
				CLANG_CXX_LANGUAGE_STANDARD = "gnu++0x";
				CLANG_CXX_LIBRARY = "libc++";
				CLANG_ENABLE_MODULES = YES;
				CLANG_ENABLE_OBJC_ARC = YES;
				CLANG_WARN_BOOL_CONVERSION = YES;
				CLANG_WARN_CONSTANT_CONVERSION = YES;
				CLANG_WARN_DIRECT_OBJC_ISA_USAGE = YES_ERROR;
				CLANG_WARN_EMPTY_BODY = YES;
				CLANG_WARN_ENUM_CONVERSION = YES;
				CLANG_WARN_INT_CONVERSION = YES;
				CLANG_WARN_OBJC_ROOT_CLASS = YES_ERROR;
				CLANG_WARN_UNREACHABLE_CODE = YES;
				CLANG_WARN__DUPLICATE_METHOD_MATCH = YES;
				"CODE_SIGN_IDENTITY[sdk=iphoneos*]" = "iPhone Developer";
				COPY_PHASE_STRIP = NO;
				DEBUG_INFORMATION_FORMAT = dwarf;
				ENABLE_STRICT_OBJC_MSGSEND = YES;
				ENABLE_TESTABILITY = YES;
				GCC_C_LANGUAGE_STANDARD = gnu99;
				GCC_DYNAMIC_NO_PIC = NO;
				GCC_NO_COMMON_BLOCKS = YES;
				GCC_OPTIMIZATION_LEVEL = 0;
				GCC_PREPROCESSOR_DEFINITIONS = (
					"DEBUG=1",
					"$(inherited)",
				);
				GCC_WARN_64_TO_32_BIT_CONVERSION = YES;
				GCC_WARN_ABOUT_RETURN_TYPE = YES_ERROR;
				GCC_WARN_UNDECLARED_SELECTOR = YES;
				GCC_WARN_UNINITIALIZED_AUTOS = YES_AGGRESSIVE;
				GCC_WARN_UNUSED_FUNCTION = YES;
				GCC_WARN_UNUSED_VARIABLE = YES;
				IPHONEOS_DEPLOYMENT_TARGET = 9.3;
				MTL_ENABLE_DEBUG_INFO = YES;
				ONLY_ACTIVE_ARCH = YES;
				SDKROOT = iphoneos;
				SWIFT_OPTIMIZATION_LEVEL = "-Onone";
			};
			name = Debug;
		};
		4F96A47F1D47412300E99EC5 /* Release */ = {
			isa = XCBuildConfiguration;
			buildSettings = {
				ALWAYS_SEARCH_USER_PATHS = NO;
				CLANG_ANALYZER_NONNULL = YES;
				CLANG_CXX_LANGUAGE_STANDARD = "gnu++0x";
				CLANG_CXX_LIBRARY = "libc++";
				CLANG_ENABLE_MODULES = YES;
				CLANG_ENABLE_OBJC_ARC = YES;
				CLANG_WARN_BOOL_CONVERSION = YES;
				CLANG_WARN_CONSTANT_CONVERSION = YES;
				CLANG_WARN_DIRECT_OBJC_ISA_USAGE = YES_ERROR;
				CLANG_WARN_EMPTY_BODY = YES;
				CLANG_WARN_ENUM_CONVERSION = YES;
				CLANG_WARN_INT_CONVERSION = YES;
				CLANG_WARN_OBJC_ROOT_CLASS = YES_ERROR;
				CLANG_WARN_UNREACHABLE_CODE = YES;
				CLANG_WARN__DUPLICATE_METHOD_MATCH = YES;
				"CODE_SIGN_IDENTITY[sdk=iphoneos*]" = "iPhone Developer";
				COPY_PHASE_STRIP = NO;
				DEBUG_INFORMATION_FORMAT = "dwarf-with-dsym";
				ENABLE_NS_ASSERTIONS = NO;
				ENABLE_STRICT_OBJC_MSGSEND = YES;
				GCC_C_LANGUAGE_STANDARD = gnu99;
				GCC_NO_COMMON_BLOCKS = YES;
				GCC_WARN_64_TO_32_BIT_CONVERSION = YES;
				GCC_WARN_ABOUT_RETURN_TYPE = YES_ERROR;
				GCC_WARN_UNDECLARED_SELECTOR = YES;
				GCC_WARN_UNINITIALIZED_AUTOS = YES_AGGRESSIVE;
				GCC_WARN_UNUSED_FUNCTION = YES;
				GCC_WARN_UNUSED_VARIABLE = YES;
				IPHONEOS_DEPLOYMENT_TARGET = 9.3;
				MTL_ENABLE_DEBUG_INFO = NO;
				SDKROOT = iphoneos;
				VALIDATE_PRODUCT = YES;
			};
			name = Release;
		};
		4F96A4811D47412300E99EC5 /* Debug */ = {
			isa = XCBuildConfiguration;
			buildSettings = {
				ASSETCATALOG_COMPILER_APPICON_NAME = AppIcon;
				INFOPLIST_FILE = FAMFullscreenViewController/Info.plist;
				LD_RUNPATH_SEARCH_PATHS = "$(inherited) @executable_path/Frameworks";
				PRODUCT_BUNDLE_IDENTIFIER = "com.timers-inc.FAMFullscreenViewController";
				PRODUCT_NAME = "$(TARGET_NAME)";
			};
			name = Debug;
		};
		4F96A4821D47412300E99EC5 /* Release */ = {
			isa = XCBuildConfiguration;
			buildSettings = {
				ASSETCATALOG_COMPILER_APPICON_NAME = AppIcon;
				INFOPLIST_FILE = FAMFullscreenViewController/Info.plist;
				LD_RUNPATH_SEARCH_PATHS = "$(inherited) @executable_path/Frameworks";
				PRODUCT_BUNDLE_IDENTIFIER = "com.timers-inc.FAMFullscreenViewController";
				PRODUCT_NAME = "$(TARGET_NAME)";
			};
			name = Release;
		};
		4F96A4841D47412300E99EC5 /* Debug */ = {
			isa = XCBuildConfiguration;
			buildSettings = {
				BUNDLE_LOADER = "$(TEST_HOST)";
				INFOPLIST_FILE = FAMFullscreenViewControllerTests/Info.plist;
				LD_RUNPATH_SEARCH_PATHS = "$(inherited) @executable_path/Frameworks @loader_path/Frameworks";
				PRODUCT_BUNDLE_IDENTIFIER = "com.timers-inc.FAMFullscreenViewControllerTests";
				PRODUCT_NAME = "$(TARGET_NAME)";
				TEST_HOST = "$(BUILT_PRODUCTS_DIR)/FAMFullscreenViewController.app/FAMFullscreenViewController";
			};
			name = Debug;
		};
		4F96A4851D47412300E99EC5 /* Release */ = {
			isa = XCBuildConfiguration;
			buildSettings = {
				BUNDLE_LOADER = "$(TEST_HOST)";
				INFOPLIST_FILE = FAMFullscreenViewControllerTests/Info.plist;
				LD_RUNPATH_SEARCH_PATHS = "$(inherited) @executable_path/Frameworks @loader_path/Frameworks";
				PRODUCT_BUNDLE_IDENTIFIER = "com.timers-inc.FAMFullscreenViewControllerTests";
				PRODUCT_NAME = "$(TARGET_NAME)";
				TEST_HOST = "$(BUILT_PRODUCTS_DIR)/FAMFullscreenViewController.app/FAMFullscreenViewController";
			};
			name = Release;
		};
		4F96A4871D47412300E99EC5 /* Debug */ = {
			isa = XCBuildConfiguration;
			buildSettings = {
				INFOPLIST_FILE = FAMFullscreenViewControllerUITests/Info.plist;
				LD_RUNPATH_SEARCH_PATHS = "$(inherited) @executable_path/Frameworks @loader_path/Frameworks";
				PRODUCT_BUNDLE_IDENTIFIER = "com.timers-inc.FAMFullscreenViewControllerUITests";
				PRODUCT_NAME = "$(TARGET_NAME)";
				TEST_TARGET_NAME = FAMFullscreenViewController;
			};
			name = Debug;
		};
		4F96A4881D47412300E99EC5 /* Release */ = {
			isa = XCBuildConfiguration;
			buildSettings = {
				INFOPLIST_FILE = FAMFullscreenViewControllerUITests/Info.plist;
				LD_RUNPATH_SEARCH_PATHS = "$(inherited) @executable_path/Frameworks @loader_path/Frameworks";
				PRODUCT_BUNDLE_IDENTIFIER = "com.timers-inc.FAMFullscreenViewControllerUITests";
				PRODUCT_NAME = "$(TARGET_NAME)";
				TEST_TARGET_NAME = FAMFullscreenViewController;
			};
			name = Release;
		};
/* End XCBuildConfiguration section */

/* Begin XCConfigurationList section */
		4F96A4531D47412200E99EC5 /* Build configuration list for PBXProject "FAMFullscreenViewController" */ = {
			isa = XCConfigurationList;
			buildConfigurations = (
				4F96A47E1D47412300E99EC5 /* Debug */,
				4F96A47F1D47412300E99EC5 /* Release */,
			);
			defaultConfigurationIsVisible = 0;
			defaultConfigurationName = Release;
		};
		4F96A4801D47412300E99EC5 /* Build configuration list for PBXNativeTarget "FAMFullscreenViewController" */ = {
			isa = XCConfigurationList;
			buildConfigurations = (
				4F96A4811D47412300E99EC5 /* Debug */,
				4F96A4821D47412300E99EC5 /* Release */,
			);
			defaultConfigurationIsVisible = 0;
			defaultConfigurationName = Release;
		};
		4F96A4831D47412300E99EC5 /* Build configuration list for PBXNativeTarget "FAMFullscreenViewControllerTests" */ = {
			isa = XCConfigurationList;
			buildConfigurations = (
				4F96A4841D47412300E99EC5 /* Debug */,
				4F96A4851D47412300E99EC5 /* Release */,
			);
			defaultConfigurationIsVisible = 0;
			defaultConfigurationName = Release;
		};
		4F96A4861D47412300E99EC5 /* Build configuration list for PBXNativeTarget "FAMFullscreenViewControllerUITests" */ = {
			isa = XCConfigurationList;
			buildConfigurations = (
				4F96A4871D47412300E99EC5 /* Debug */,
				4F96A4881D47412300E99EC5 /* Release */,
			);
			defaultConfigurationIsVisible = 0;
			defaultConfigurationName = Release;
		};
/* End XCConfigurationList section */
	};
	rootObject = 4F96A4501D47412200E99EC5 /* Project object */;
}
